
Microsoft Visual Studio Solution File, Format Version 12.00
# Visual Studio 14
VisualStudioVersion = 14.0.25420.1
MinimumVisualStudioVersion = 10.0.40219.1
Project("{D954291E-2A0B-460D-934E-DC6B0785DB48}") = "TG_Zeus.Altis", "TG_Zeus.Altis.shproj", "{EE8E6F29-6604-45DF-B5A4-44D6DC777955}"
EndProject
Global
	GlobalSection(SharedMSBuildProjectFiles) = preSolution
		TG_Zeus.Altis.projitems*{ee8e6f29-6604-45df-b5a4-44d6dc777955}*SharedItemsImports = 13
	EndGlobalSection
	GlobalSection(SolutionProperties) = preSolution
		HideSolutionNode = FALSE
	EndGlobalSection
EndGlobal
